
Microsoft Visual Studio Solution File, Format Version 12.00
# Visual Studio Version 16
VisualStudioVersion = 16.0.31019.35
MinimumVisualStudioVersion = 10.0.40219.1
Project("{FAE04EC0-301F-11D3-BF4B-00C04F79EFBC}") = "AuthorizationUnitTests", "AuthorizationUnitTests.csproj", "{66208C4F-BD06-4A19-BFB0-7E97A014113C}"
EndProject
Global
	GlobalSection(SolutionConfigurationPlatforms) = preSolution
		Debug|Any CPU = Debug|Any CPU
		Release|Any CPU = Release|Any CPU
	EndGlobalSection
	GlobalSection(ProjectConfigurationPlatforms) = postSolution
		{66208C4F-BD06-4A19-BFB0-7E97A014113C}.Debug|Any CPU.ActiveCfg = Debug|Any CPU
		{66208C4F-BD06-4A19-BFB0-7E97A014113C}.Debug|Any CPU.Build.0 = Debug|Any CPU
		{66208C4F-BD06-4A19-BFB0-7E97A014113C}.Release|Any CPU.ActiveCfg = Release|Any CPU
		{66208C4F-BD06-4A19-BFB0-7E97A014113C}.Release|Any CPU.Build.0 = Release|Any CPU
	EndGlobalSection
	GlobalSection(SolutionProperties) = preSolution
		HideSolutionNode = FALSE
	EndGlobalSection
	GlobalSection(ExtensibilityGlobals) = postSolution
		SolutionGuid = {B880B8DD-A340-4B41-BDEE-4B644CEFA323}
	EndGlobalSection
EndGlobal
